// !$*UTF8*$!
{
	archiveVersion = 1;
	classes = {
	};
	objectVersion = 56;
	objects = {

/* Begin PBXBuildFile section */
		D90F0B4F2A5EC0540016F905 /* AppDelegate.swift in Sources */ = {isa = PBXBuildFile; fileRef = D90F0B4E2A5EC0540016F905 /* AppDelegate.swift */; };
		D90F0B512A5EC0540016F905 /* SceneDelegate.swift in Sources */ = {isa = PBXBuildFile; fileRef = D90F0B502A5EC0540016F905 /* SceneDelegate.swift */; };
		D90F0B532A5EC0540016F905 /* ViewController.swift in Sources */ = {isa = PBXBuildFile; fileRef = D90F0B522A5EC0540016F905 /* ViewController.swift */; };
		D90F0B562A5EC0540016F905 /* Main.storyboard in Resources */ = {isa = PBXBuildFile; fileRef = D90F0B542A5EC0540016F905 /* Main.storyboard */; };
		D90F0B582A5EC0590016F905 /* Assets.xcassets in Resources */ = {isa = PBXBuildFile; fileRef = D90F0B572A5EC0590016F905 /* Assets.xcassets */; };
		D90F0B5B2A5EC0590016F905 /* LaunchScreen.storyboard in Resources */ = {isa = PBXBuildFile; fileRef = D90F0B592A5EC0590016F905 /* LaunchScreen.storyboard */; };
		D90F0B632A5EC07C0016F905 /* BirdProvider.swift in Sources */ = {isa = PBXBuildFile; fileRef = D90F0B622A5EC07C0016F905 /* BirdProvider.swift */; };
		D90F0B682A5F99E70016F905 /* Bird.swift in Sources */ = {isa = PBXBuildFile; fileRef = D90F0B672A5F99E70016F905 /* Bird.swift */; };
		D90F0B6B2A5FA2180016F905 /* ChecklistView.swift in Sources */ = {isa = PBXBuildFile; fileRef = D90F0B6A2A5FA2180016F905 /* ChecklistView.swift */; };
		D90F0B6D2A5FA4230016F905 /* SightingMapView.swift in Sources */ = {isa = PBXBuildFile; fileRef = D90F0B6C2A5FA4230016F905 /* SightingMapView.swift */; };
		D97AEF422A5FCB88005BCC34 /* MapViewController.swift in Sources */ = {isa = PBXBuildFile; fileRef = D97AEF412A5FCB88005BCC34 /* MapViewController.swift */; };
		D9A6755D2A87312D003DBE5B /* HDChecklistView.m in Sources */ = {isa = PBXBuildFile; fileRef = D9A6755C2A87312D003DBE5B /* HDChecklistView.m */; };
/* End PBXBuildFile section */

/* Begin PBXFileReference section */
		D90F0B4B2A5EC0540016F905 /* HDPlaygroundsDemoEnd.app */ = {isa = PBXFileReference; explicitFileType = wrapper.application; includeInIndex = 0; path = HDPlaygroundsDemoEnd.app; sourceTree = BUILT_PRODUCTS_DIR; };
		D90F0B4E2A5EC0540016F905 /* AppDelegate.swift */ = {isa = PBXFileReference; lastKnownFileType = sourcecode.swift; path = AppDelegate.swift; sourceTree = "<group>"; };
		D90F0B502A5EC0540016F905 /* SceneDelegate.swift */ = {isa = PBXFileReference; lastKnownFileType = sourcecode.swift; path = SceneDelegate.swift; sourceTree = "<group>"; };
		D90F0B522A5EC0540016F905 /* ViewController.swift */ = {isa = PBXFileReference; lastKnownFileType = sourcecode.swift; path = ViewController.swift; sourceTree = "<group>"; };
		D90F0B552A5EC0540016F905 /* Base */ = {isa = PBXFileReference; lastKnownFileType = file.storyboard; name = Base; path = Base.lproj/Main.storyboard; sourceTree = "<group>"; };
		D90F0B572A5EC0590016F905 /* Assets.xcassets */ = {isa = PBXFileReference; lastKnownFileType = folder.assetcatalog; path = Assets.xcassets; sourceTree = "<group>"; };
		D90F0B5A2A5EC0590016F905 /* Base */ = {isa = PBXFileReference; lastKnownFileType = file.storyboard; name = Base; path = Base.lproj/LaunchScreen.storyboard; sourceTree = "<group>"; };
		D90F0B5C2A5EC0590016F905 /* Info.plist */ = {isa = PBXFileReference; lastKnownFileType = text.plist.xml; path = Info.plist; sourceTree = "<group>"; };
		D90F0B622A5EC07C0016F905 /* BirdProvider.swift */ = {isa = PBXFileReference; lastKnownFileType = sourcecode.swift; path = BirdProvider.swift; sourceTree = "<group>"; };
		D90F0B652A5ED3BE0016F905 /* MyPlayground.playground */ = {isa = PBXFileReference; lastKnownFileType = file.playground; path = MyPlayground.playground; sourceTree = "<group>"; xcLanguageSpecificationIdentifier = xcode.lang.swift; };
		D90F0B672A5F99E70016F905 /* Bird.swift */ = {isa = PBXFileReference; lastKnownFileType = sourcecode.swift; path = Bird.swift; sourceTree = "<group>"; };
		D90F0B6A2A5FA2180016F905 /* ChecklistView.swift */ = {isa = PBXFileReference; lastKnownFileType = sourcecode.swift; path = ChecklistView.swift; sourceTree = "<group>"; };
		D90F0B6C2A5FA4230016F905 /* SightingMapView.swift */ = {isa = PBXFileReference; lastKnownFileType = sourcecode.swift; path = SightingMapView.swift; sourceTree = "<group>"; };
		D97AEF412A5FCB88005BCC34 /* MapViewController.swift */ = {isa = PBXFileReference; lastKnownFileType = sourcecode.swift; path = MapViewController.swift; sourceTree = "<group>"; };
		D9A6755A2A87312D003DBE5B /* HDPlaygroundsDemoEnd-Bridging-Header.h */ = {isa = PBXFileReference; lastKnownFileType = sourcecode.c.h; path = "HDPlaygroundsDemoEnd-Bridging-Header.h"; sourceTree = "<group>"; };
		D9A6755B2A87312D003DBE5B /* HDChecklistView.h */ = {isa = PBXFileReference; lastKnownFileType = sourcecode.c.h; path = HDChecklistView.h; sourceTree = "<group>"; };
		D9A6755C2A87312D003DBE5B /* HDChecklistView.m */ = {isa = PBXFileReference; lastKnownFileType = sourcecode.c.objc; path = HDChecklistView.m; sourceTree = "<group>"; };
/* End PBXFileReference section */

/* Begin PBXFrameworksBuildPhase section */
		D90F0B482A5EC0540016F905 /* Frameworks */ = {
			isa = PBXFrameworksBuildPhase;
			buildActionMask = 2147483647;
			files = (
			);
			runOnlyForDeploymentPostprocessing = 0;
		};
/* End PBXFrameworksBuildPhase section */

/* Begin PBXGroup section */
		D90F0B422A5EC0540016F905 = {
			isa = PBXGroup;
			children = (
				D90F0B4D2A5EC0540016F905 /* HDPlaygroundsDemo */,
				D90F0B4C2A5EC0540016F905 /* Products */,
			);
			sourceTree = "<group>";
		};
		D90F0B4C2A5EC0540016F905 /* Products */ = {
			isa = PBXGroup;
			children = (
				D90F0B4B2A5EC0540016F905 /* HDPlaygroundsDemoEnd.app */,
			);
			name = Products;
			sourceTree = "<group>";
		};
		D90F0B4D2A5EC0540016F905 /* HDPlaygroundsDemo */ = {
			isa = PBXGroup;
			children = (
				D90F0B692A5FA1FE0016F905 /* ChecklistView */,
				D90F0B662A5F99D20016F905 /* Birds */,
				D90F0B4E2A5EC0540016F905 /* AppDelegate.swift */,
				D90F0B502A5EC0540016F905 /* SceneDelegate.swift */,
				D90F0B522A5EC0540016F905 /* ViewController.swift */,
				D97AEF412A5FCB88005BCC34 /* MapViewController.swift */,
				D90F0B542A5EC0540016F905 /* Main.storyboard */,
				D90F0B572A5EC0590016F905 /* Assets.xcassets */,
				D90F0B592A5EC0590016F905 /* LaunchScreen.storyboard */,
				D90F0B5C2A5EC0590016F905 /* Info.plist */,
				D90F0B642A5ED39F0016F905 /* Playgrounds */,
			);
			path = HDPlaygroundsDemo;
			sourceTree = "<group>";
		};
		D90F0B642A5ED39F0016F905 /* Playgrounds */ = {
			isa = PBXGroup;
			children = (
				D90F0B652A5ED3BE0016F905 /* MyPlayground.playground */,
			);
			path = Playgrounds;
			sourceTree = "<group>";
		};
		D90F0B662A5F99D20016F905 /* Birds */ = {
			isa = PBXGroup;
			children = (
				D90F0B622A5EC07C0016F905 /* BirdProvider.swift */,
				D90F0B672A5F99E70016F905 /* Bird.swift */,
			);
			path = Birds;
			sourceTree = "<group>";
		};
		D90F0B692A5FA1FE0016F905 /* ChecklistView */ = {
			isa = PBXGroup;
			children = (
				D90F0B6A2A5FA2180016F905 /* ChecklistView.swift */,
				D90F0B6C2A5FA4230016F905 /* SightingMapView.swift */,
				D9A6755B2A87312D003DBE5B /* HDChecklistView.h */,
				D9A6755C2A87312D003DBE5B /* HDChecklistView.m */,
				D9A6755A2A87312D003DBE5B /* HDPlaygroundsDemoEnd-Bridging-Header.h */,
			);
			path = ChecklistView;
			sourceTree = "<group>";
		};
/* End PBXGroup section */

/* Begin PBXNativeTarget section */
		D90F0B4A2A5EC0540016F905 /* HDPlaygroundsDemoEnd */ = {
			isa = PBXNativeTarget;
			buildConfigurationList = D90F0B5F2A5EC0590016F905 /* Build configuration list for PBXNativeTarget "HDPlaygroundsDemoEnd" */;
			buildPhases = (
				D90F0B472A5EC0540016F905 /* Sources */,
				D90F0B482A5EC0540016F905 /* Frameworks */,
				D90F0B492A5EC0540016F905 /* Resources */,
			);
			buildRules = (
			);
			dependencies = (
			);
			name = HDPlaygroundsDemoEnd;
			productName = HDPlaygroundsDemo;
			productReference = D90F0B4B2A5EC0540016F905 /* HDPlaygroundsDemoEnd.app */;
			productType = "com.apple.product-type.application";
		};
/* End PBXNativeTarget section */

/* Begin PBXProject section */
		D90F0B432A5EC0540016F905 /* Project object */ = {
			isa = PBXProject;
			attributes = {
				BuildIndependentTargetsInParallel = 1;
				LastSwiftUpdateCheck = 1500;
				LastUpgradeCheck = 1500;
				TargetAttributes = {
					D90F0B4A2A5EC0540016F905 = {
						CreatedOnToolsVersion = 15.0;
						LastSwiftMigration = 1500;
					};
				};
			};
			buildConfigurationList = D90F0B462A5EC0540016F905 /* Build configuration list for PBXProject "HDPlaygroundsDemoEnd" */;
			compatibilityVersion = "Xcode 14.0";
			developmentRegion = en;
			hasScannedForEncodings = 0;
			knownRegions = (
				en,
				Base,
			);
			mainGroup = D90F0B422A5EC0540016F905;
			productRefGroup = D90F0B4C2A5EC0540016F905 /* Products */;
			projectDirPath = "";
			projectRoot = "";
			targets = (
				D90F0B4A2A5EC0540016F905 /* HDPlaygroundsDemoEnd */,
			);
		};
/* End PBXProject section */

/* Begin PBXResourcesBuildPhase section */
		D90F0B492A5EC0540016F905 /* Resources */ = {
			isa = PBXResourcesBuildPhase;
			buildActionMask = 2147483647;
			files = (
				D90F0B5B2A5EC0590016F905 /* LaunchScreen.storyboard in Resources */,
				D90F0B582A5EC0590016F905 /* Assets.xcassets in Resources */,
				D90F0B562A5EC0540016F905 /* Main.storyboard in Resources */,
			);
			runOnlyForDeploymentPostprocessing = 0;
		};
/* End PBXResourcesBuildPhase section */

/* Begin PBXSourcesBuildPhase section */
		D90F0B472A5EC0540016F905 /* Sources */ = {
			isa = PBXSourcesBuildPhase;
			buildActionMask = 2147483647;
			files = (
				D90F0B532A5EC0540016F905 /* ViewController.swift in Sources */,
				D9A6755D2A87312D003DBE5B /* HDChecklistView.m in Sources */,
				D90F0B682A5F99E70016F905 /* Bird.swift in Sources */,
				D90F0B632A5EC07C0016F905 /* BirdProvider.swift in Sources */,
				D90F0B6D2A5FA4230016F905 /* SightingMapView.swift in Sources */,
				D90F0B4F2A5EC0540016F905 /* AppDelegate.swift in Sources */,
				D90F0B512A5EC0540016F905 /* SceneDelegate.swift in Sources */,
				D90F0B6B2A5FA2180016F905 /* ChecklistView.swift in Sources */,
				D97AEF422A5FCB88005BCC34 /* MapViewController.swift in Sources */,
			);
			runOnlyForDeploymentPostprocessing = 0;
		};
/* End PBXSourcesBuildPhase section */

/* Begin PBXVariantGroup section */
		D90F0B542A5EC0540016F905 /* Main.storyboard */ = {
			isa = PBXVariantGroup;
			children = (
				D90F0B552A5EC0540016F905 /* Base */,
			);
			name = Main.storyboard;
			sourceTree = "<group>";
		};
		D90F0B592A5EC0590016F905 /* LaunchScreen.storyboard */ = {
			isa = PBXVariantGroup;
			children = (
				D90F0B5A2A5EC0590016F905 /* Base */,
			);
			name = LaunchScreen.storyboard;
			sourceTree = "<group>";
		};
/* End PBXVariantGroup section */

/* Begin XCBuildConfiguration section */
		D90F0B5D2A5EC0590016F905 /* Debug */ = {
			isa = XCBuildConfiguration;
			buildSettings = {
				ALWAYS_SEARCH_USER_PATHS = NO;
				ASSETCATALOG_COMPILER_GENERATE_SWIFT_ASSET_SYMBOL_EXTENSIONS = YES;
				CLANG_ANALYZER_NONNULL = YES;
				CLANG_ANALYZER_NUMBER_OBJECT_CONVERSION = YES_AGGRESSIVE;
				CLANG_CXX_LANGUAGE_STANDARD = "gnu++20";
				CLANG_ENABLE_MODULES = YES;
				CLANG_ENABLE_OBJC_ARC = YES;
				CLANG_ENABLE_OBJC_WEAK = YES;
				CLANG_WARN_BLOCK_CAPTURE_AUTORELEASING = YES;
				CLANG_WARN_BOOL_CONVERSION = YES;
				CLANG_WARN_COMMA = YES;
				CLANG_WARN_CONSTANT_CONVERSION = YES;
				CLANG_WARN_DEPRECATED_OBJC_IMPLEMENTATIONS = YES;
				CLANG_WARN_DIRECT_OBJC_ISA_USAGE = YES_ERROR;
				CLANG_WARN_DOCUMENTATION_COMMENTS = YES;
				CLANG_WARN_EMPTY_BODY = YES;
				CLANG_WARN_ENUM_CONVERSION = YES;
				CLANG_WARN_INFINITE_RECURSION = YES;
				CLANG_WARN_INT_CONVERSION = YES;
				CLANG_WARN_NON_LITERAL_NULL_CONVERSION = YES;
				CLANG_WARN_OBJC_IMPLICIT_RETAIN_SELF = YES;
				CLANG_WARN_OBJC_LITERAL_CONVERSION = YES;
				CLANG_WARN_OBJC_ROOT_CLASS = YES_ERROR;
				CLANG_WARN_QUOTED_INCLUDE_IN_FRAMEWORK_HEADER = YES;
				CLANG_WARN_RANGE_LOOP_ANALYSIS = YES;
				CLANG_WARN_STRICT_PROTOTYPES = YES;
				CLANG_WARN_SUSPICIOUS_MOVE = YES;
				CLANG_WARN_UNGUARDED_AVAILABILITY = YES_AGGRESSIVE;
				CLANG_WARN_UNREACHABLE_CODE = YES;
				CLANG_WARN__DUPLICATE_METHOD_MATCH = YES;
				COPY_PHASE_STRIP = NO;
				DEBUG_INFORMATION_FORMAT = dwarf;
				ENABLE_STRICT_OBJC_MSGSEND = YES;
				ENABLE_TESTABILITY = YES;
				ENABLE_USER_SCRIPT_SANDBOXING = YES;
				GCC_C_LANGUAGE_STANDARD = gnu17;
				GCC_DYNAMIC_NO_PIC = NO;
				GCC_NO_COMMON_BLOCKS = YES;
				GCC_OPTIMIZATION_LEVEL = 0;
				GCC_PREPROCESSOR_DEFINITIONS = (
					"DEBUG=1",
					"$(inherited)",
				);
				GCC_WARN_64_TO_32_BIT_CONVERSION = YES;
				GCC_WARN_ABOUT_RETURN_TYPE = YES_ERROR;
				GCC_WARN_UNDECLARED_SELECTOR = YES;
				GCC_WARN_UNINITIALIZED_AUTOS = YES_AGGRESSIVE;
				GCC_WARN_UNUSED_FUNCTION = YES;
				GCC_WARN_UNUSED_VARIABLE = YES;
				IPHONEOS_DEPLOYMENT_TARGET = 17.0;
				LOCALIZATION_PREFERS_STRING_CATALOGS = YES;
				MTL_ENABLE_DEBUG_INFO = INCLUDE_SOURCE;
				MTL_FAST_MATH = YES;
				ONLY_ACTIVE_ARCH = YES;
				SDKROOT = iphoneos;
				SWIFT_ACTIVE_COMPILATION_CONDITIONS = "DEBUG $(inherited)";
				SWIFT_OPTIMIZATION_LEVEL = "-Onone";
			};
			name = Debug;
		};
		D90F0B5E2A5EC0590016F905 /* Release */ = {
			isa = XCBuildConfiguration;
			buildSettings = {
				ALWAYS_SEARCH_USER_PATHS = NO;
				ASSETCATALOG_COMPILER_GENERATE_SWIFT_ASSET_SYMBOL_EXTENSIONS = YES;
				CLANG_ANALYZER_NONNULL = YES;
				CLANG_ANALYZER_NUMBER_OBJECT_CONVERSION = YES_AGGRESSIVE;
				CLANG_CXX_LANGUAGE_STANDARD = "gnu++20";
				CLANG_ENABLE_MODULES = YES;
				CLANG_ENABLE_OBJC_ARC = YES;
				CLANG_ENABLE_OBJC_WEAK = YES;
				CLANG_WARN_BLOCK_CAPTURE_AUTORELEASING = YES;
				CLANG_WARN_BOOL_CONVERSION = YES;
				CLANG_WARN_COMMA = YES;
				CLANG_WARN_CONSTANT_CONVERSION = YES;
				CLANG_WARN_DEPRECATED_OBJC_IMPLEMENTATIONS = YES;
				CLANG_WARN_DIRECT_OBJC_ISA_USAGE = YES_ERROR;
				CLANG_WARN_DOCUMENTATION_COMMENTS = YES;
				CLANG_WARN_EMPTY_BODY = YES;
				CLANG_WARN_ENUM_CONVERSION = YES;
				CLANG_WARN_INFINITE_RECURSION = YES;
				CLANG_WARN_INT_CONVERSION = YES;
				CLANG_WARN_NON_LITERAL_NULL_CONVERSION = YES;
				CLANG_WARN_OBJC_IMPLICIT_RETAIN_SELF = YES;
				CLANG_WARN_OBJC_LITERAL_CONVERSION = YES;
				CLANG_WARN_OBJC_ROOT_CLASS = YES_ERROR;
				CLANG_WARN_QUOTED_INCLUDE_IN_FRAMEWORK_HEADER = YES;
				CLANG_WARN_RANGE_LOOP_ANALYSIS = YES;
				CLANG_WARN_STRICT_PROTOTYPES = YES;
				CLANG_WARN_SUSPICIOUS_MOVE = YES;
				CLANG_WARN_UNGUARDED_AVAILABILITY = YES_AGGRESSIVE;
				CLANG_WARN_UNREACHABLE_CODE = YES;
				CLANG_WARN__DUPLICATE_METHOD_MATCH = YES;
				COPY_PHASE_STRIP = NO;
				DEBUG_INFORMATION_FORMAT = "dwarf-with-dsym";
				ENABLE_NS_ASSERTIONS = NO;
				ENABLE_STRICT_OBJC_MSGSEND = YES;
				ENABLE_USER_SCRIPT_SANDBOXING = YES;
				GCC_C_LANGUAGE_STANDARD = gnu17;
				GCC_NO_COMMON_BLOCKS = YES;
				GCC_WARN_64_TO_32_BIT_CONVERSION = YES;
				GCC_WARN_ABOUT_RETURN_TYPE = YES_ERROR;
				GCC_WARN_UNDECLARED_SELECTOR = YES;
				GCC_WARN_UNINITIALIZED_AUTOS = YES_AGGRESSIVE;
				GCC_WARN_UNUSED_FUNCTION = YES;
				GCC_WARN_UNUSED_VARIABLE = YES;
				IPHONEOS_DEPLOYMENT_TARGET = 17.0;
				LOCALIZATION_PREFERS_STRING_CATALOGS = YES;
				MTL_ENABLE_DEBUG_INFO = NO;
				MTL_FAST_MATH = YES;
				SDKROOT = iphoneos;
				SWIFT_COMPILATION_MODE = wholemodule;
				VALIDATE_PRODUCT = YES;
			};
			name = Release;
		};
		D90F0B602A5EC0590016F905 /* Debug */ = {
			isa = XCBuildConfiguration;
			buildSettings = {
				ASSETCATALOG_COMPILER_APPICON_NAME = AppIcon;
				ASSETCATALOG_COMPILER_GLOBAL_ACCENT_COLOR_NAME = AccentColor;
				CLANG_ENABLE_MODULES = YES;
				CODE_SIGN_STYLE = Automatic;
				CURRENT_PROJECT_VERSION = 1;
				GENERATE_INFOPLIST_FILE = YES;
				INFOPLIST_FILE = HDPlaygroundsDemo/Info.plist;
				INFOPLIST_KEY_UIApplicationSupportsIndirectInputEvents = YES;
				INFOPLIST_KEY_UILaunchStoryboardName = LaunchScreen;
				INFOPLIST_KEY_UIMainStoryboardFile = Main;
				INFOPLIST_KEY_UISupportedInterfaceOrientations_iPad = "UIInterfaceOrientationPortrait UIInterfaceOrientationPortraitUpsideDown UIInterfaceOrientationLandscapeLeft UIInterfaceOrientationLandscapeRight";
				INFOPLIST_KEY_UISupportedInterfaceOrientations_iPhone = "UIInterfaceOrientationPortrait UIInterfaceOrientationLandscapeLeft UIInterfaceOrientationLandscapeRight";
				LD_RUNPATH_SEARCH_PATHS = (
					"$(inherited)",
					"@executable_path/Frameworks",
				);
				MARKETING_VERSION = 1.0;
				PRODUCT_BUNDLE_IDENTIFIER = com.harry.HDPlaygroundsDemo;
				PRODUCT_NAME = "$(TARGET_NAME)";
				SWIFT_EMIT_LOC_STRINGS = YES;
				SWIFT_OBJC_BRIDGING_HEADER = "HDPlaygroundsDemo/ChecklistView/HDPlaygroundsDemoEnd-Bridging-Header.h";
				SWIFT_OPTIMIZATION_LEVEL = "-Onone";
				SWIFT_VERSION = 5.0;
				TARGETED_DEVICE_FAMILY = "1,2";
			};
			name = Debug;
		};
		D90F0B612A5EC0590016F905 /* Release */ = {
			isa = XCBuildConfiguration;
			buildSettings = {
				ASSETCATALOG_COMPILER_APPICON_NAME = AppIcon;
				ASSETCATALOG_COMPILER_GLOBAL_ACCENT_COLOR_NAME = AccentColor;
				CLANG_ENABLE_MODULES = YES;
				CODE_SIGN_STYLE = Automatic;
				CURRENT_PROJECT_VERSION = 1;
				GENERATE_INFOPLIST_FILE = YES;
				INFOPLIST_FILE = HDPlaygroundsDemo/Info.plist;
				INFOPLIST_KEY_UIApplicationSupportsIndirectInputEvents = YES;
				INFOPLIST_KEY_UILaunchStoryboardName = LaunchScreen;
				INFOPLIST_KEY_UIMainStoryboardFile = Main;
				INFOPLIST_KEY_UISupportedInterfaceOrientations_iPad = "UIInterfaceOrientationPortrait UIInterfaceOrientationPortraitUpsideDown UIInterfaceOrientationLandscapeLeft UIInterfaceOrientationLandscapeRight";
				INFOPLIST_KEY_UISupportedInterfaceOrientations_iPhone = "UIInterfaceOrientationPortrait UIInterfaceOrientationLandscapeLeft UIInterfaceOrientationLandscapeRight";
				LD_RUNPATH_SEARCH_PATHS = (
					"$(inherited)",
					"@executable_path/Frameworks",
				);
				MARKETING_VERSION = 1.0;
				PRODUCT_BUNDLE_IDENTIFIER = com.harry.HDPlaygroundsDemo;
				PRODUCT_NAME = "$(TARGET_NAME)";
				SWIFT_EMIT_LOC_STRINGS = YES;
				SWIFT_OBJC_BRIDGING_HEADER = "HDPlaygroundsDemo/ChecklistView/HDPlaygroundsDemoEnd-Bridging-Header.h";
				SWIFT_VERSION = 5.0;
				TARGETED_DEVICE_FAMILY = "1,2";
			};
			name = Release;
		};
/* End XCBuildConfiguration section */

/* Begin XCConfigurationList section */
		D90F0B462A5EC0540016F905 /* Build configuration list for PBXProject "HDPlaygroundsDemoEnd" */ = {
			isa = XCConfigurationList;
			buildConfigurations = (
				D90F0B5D2A5EC0590016F905 /* Debug */,
				D90F0B5E2A5EC0590016F905 /* Release */,
			);
			defaultConfigurationIsVisible = 0;
			defaultConfigurationName = Release;
		};
		D90F0B5F2A5EC0590016F905 /* Build configuration list for PBXNativeTarget "HDPlaygroundsDemoEnd" */ = {
			isa = XCConfigurationList;
			buildConfigurations = (
				D90F0B602A5EC0590016F905 /* Debug */,
				D90F0B612A5EC0590016F905 /* Release */,
			);
			defaultConfigurationIsVisible = 0;
			defaultConfigurationName = Release;
		};
/* End XCConfigurationList section */
	};
	rootObject = D90F0B432A5EC0540016F905 /* Project object */;
}
